<?xml version="1.0" encoding="utf-8"?>
<Project ToolsVersion="4.0" xmlns="http://schemas.microsoft.com/developer/msbuild/2003">
  <ItemGroup>
    <Filter Include="Source Files">
      <UniqueIdentifier>{4FC737F1-C7A5-4376-A066-2A32D752A2FF}</UniqueIdentifier>
      <Extensions>cpp;c;cc;cxx;def;odl;idl;hpj;bat;asm;asmx</Extensions>
    </Filter>
    <Filter Include="Header Files">
      <UniqueIdentifier>{93995380-89BD-4b04-88EB-625FBE52EBFB}</UniqueIdentifier>
      <Extensions>h;hh;hpp;hxx;hm;inl;inc;xsd</Extensions>
    </Filter>
    <Filter Include="Resource Files">
      <UniqueIdentifier>{67DA6AB6-F800-4c08-8B7A-83BB121AAD01}</UniqueIdentifier>
      <Extensions>rc;ico;cur;bmp;dlg;rc2;rct;bin;rgs;gif;jpg;jpeg;jpe;resx;tiff;tif;png;wav</Extensions>
    </Filter>
  </ItemGroup>
  <ItemGroup>
    <ClCompile Include="optiga-trust-x\optiga\cmd\CommandLib.c">
      <Filter>Source Files</Filter>
    </ClCompile>
    <ClCompile Include="optiga-trust-x\optiga\common\Logger.c">
      <Filter>Source Files</Filter>
    </ClCompile>
    <ClCompile Include="optiga-trust-x\optiga\common\Util.c">
      <Filter>Source Files</Filter>
    </ClCompile>
    <ClCompile Include="optiga-trust-x\optiga\comms\ifx_i2c\ifx_i2c.c">
      <Filter>Source Files</Filter>
    </ClCompile>
    <ClCompile Include="optiga-trust-x\optiga\comms\ifx_i2c\ifx_i2c_config.c">
      <Filter>Source Files</Filter>
    </ClCompile>
    <ClCompile Include="optiga-trust-x\optiga\comms\ifx_i2c\ifx_i2c_data_link_layer.c">
      <Filter>Source Files</Filter>
    </ClCompile>
    <ClCompile Include="optiga-trust-x\optiga\comms\ifx_i2c\ifx_i2c_physical_layer.c">
      <Filter>Source Files</Filter>
    </ClCompile>
    <ClCompile Include="optiga-trust-x\optiga\comms\ifx_i2c\ifx_i2c_transport_layer.c">
      <Filter>Source Files</Filter>
    </ClCompile>
    <ClCompile Include="optiga-trust-x\optiga\crypt\optiga_crypt.c">
      <Filter>Source Files</Filter>
    </ClCompile>
    <ClCompile Include="optiga-trust-x\optiga\dtls\AlertProtocol.c">
      <Filter>Source Files</Filter>
    </ClCompile>
    <ClCompile Include="optiga-trust-x\optiga\dtls\DtlsFlightHandler.c">
      <Filter>Source Files</Filter>
    </ClCompile>
    <ClCompile Include="optiga-trust-x\optiga\dtls\DtlsHandshakeProtocol.c">
      <Filter>Source Files</Filter>
    </ClCompile>
    <ClCompile Include="optiga-trust-x\optiga\dtls\DtlsRecordLayer.c">
      <Filter>Source Files</Filter>
    </ClCompile>
    <ClCompile Include="optiga-trust-x\optiga\dtls\DtlsTransportLayer.c">
      <Filter>Source Files</Filter>
    </ClCompile>
    <ClCompile Include="optiga-trust-x\optiga\dtls\DtlsWindowing.c">
      <Filter>Source Files</Filter>
    </ClCompile>
    <ClCompile Include="optiga-trust-x\optiga\dtls\HardwareCrypto.c">
      <Filter>Source Files</Filter>
    </ClCompile>
    <ClCompile Include="optiga-trust-x\optiga\dtls\MessageLayer.c">
      <Filter>Source Files</Filter>
    </ClCompile>
    <ClCompile Include="optiga-trust-x\optiga\dtls\OCP.c">
      <Filter>Source Files</Filter>
    </ClCompile>
    <ClCompile Include="optiga-trust-x\optiga\dtls\OCPConfig.c">
      <Filter>Source Files</Filter>
    </ClCompile>
    <ClCompile Include="optiga-trust-x\optiga\util\optiga_util.c">
      <Filter>Source Files</Filter>
    </ClCompile>
    <ClCompile Include="optiga-trust-x\pal\libusb\optiga_comms_ifx_i2c_usb.c">
      <Filter>Source Files</Filter>
    </ClCompile>
    <ClCompile Include="optiga-trust-x\pal\libusb\pal.c">
      <Filter>Source Files</Filter>
    </ClCompile>
    <ClCompile Include="optiga-trust-x\pal\libusb\pal_common.c">
      <Filter>Source Files</Filter>
    </ClCompile>
    <ClCompile Include="optiga-trust-x\pal\libusb\pal_gpio.c">
      <Filter>Source Files</Filter>
    </ClCompile>
    <ClCompile Include="optiga-trust-x\pal\libusb\pal_i2c.c">
      <Filter>Source Files</Filter>
    </ClCompile>
    <ClCompile Include="optiga-trust-x\pal\libusb\pal_ifx_usb_config.c">
      <Filter>Source Files</Filter>
    </ClCompile>
    <ClCompile Include="optiga-trust-x\pal\libusb\pal_os_event.c">
      <Filter>Source Files</Filter>
    </ClCompile>
    <ClCompile Include="optiga-trust-x\pal\libusb\pal_os_lock.c">
      <Filter>Source Files</Filter>
    </ClCompile>
    <ClCompile Include="optiga-trust-x\pal\libusb\pal_os_timer.c">
      <Filter>Source Files</Filter>
    </ClCompile>
    <ClCompile Include="optiga_trust_init.c">
      <Filter>Source Files</Filter>
    </ClCompile>
  </ItemGroup>
  <ItemGroup>
    <ClInclude Include="optiga-trust-x\optiga\include\optiga\optiga_crypt.h">
      <Filter>Header Files</Filter>
    </ClInclude>
    <ClInclude Include="optiga-trust-x\optiga\include\optiga\optiga_dtls.h">
      <Filter>Header Files</Filter>
    </ClInclude>
    <ClInclude Include="optiga-trust-x\optiga\include\optiga\optiga_util.h">
      <Filter>Header Files</Filter>
    </ClInclude>
    <ClInclude Include="optiga-trust-x\optiga\include\optiga\Version.h">
      <Filter>Header Files</Filter>
    </ClInclude>
    <ClInclude Include="optiga-trust-x\optiga\include\optiga\cmd\CommandLib.h">
      <Filter>Header Files</Filter>
    </ClInclude>
    <ClInclude Include="optiga-trust-x\optiga\include\optiga\common\AuthLibSettings.h">
      <Filter>Header Files</Filter>
    </ClInclude>
    <ClInclude Include="optiga-trust-x\optiga\include\optiga\common\Datatypes.h">
      <Filter>Header Files</Filter>
    </ClInclude>
    <ClInclude Include="optiga-trust-x\optiga\include\optiga\common\ErrorCodes.h">
      <Filter>Header Files</Filter>
    </ClInclude>
    <ClInclude Include="optiga-trust-x\optiga\include\optiga\common\Logger.h">
      <Filter>Header Files</Filter>
    </ClInclude>
    <ClInclude Include="optiga-trust-x\optiga\include\optiga\common\MemoryMgmt.h">
      <Filter>Header Files</Filter>
    </ClInclude>
    <ClInclude Include="optiga-trust-x\optiga\include\optiga\common\Util.h">
      <Filter>Header Files</Filter>
    </ClInclude>
    <ClInclude Include="optiga-trust-x\optiga\include\optiga\comms\optiga_comms.h">
      <Filter>Header Files</Filter>
    </ClInclude>
    <ClInclude Include="optiga-trust-x\optiga\include\optiga\dtls\AlertProtocol.h">
      <Filter>Header Files</Filter>
    </ClInclude>
    <ClInclude Include="optiga-trust-x\optiga\include\optiga\dtls\BaseErrorCodes.h">
      <Filter>Header Files</Filter>
    </ClInclude>
    <ClInclude Include="optiga-trust-x\optiga\include\optiga\dtls\DtlsFlighthandler.h">
      <Filter>Header Files</Filter>
    </ClInclude>
    <ClInclude Include="optiga-trust-x\optiga\include\optiga\dtls\DtlsHandshakeProtocol.h">
      <Filter>Header Files</Filter>
    </ClInclude>
    <ClInclude Include="optiga-trust-x\optiga\include\optiga\dtls\DtlsRecordLayer.h">
      <Filter>Header Files</Filter>
    </ClInclude>
    <ClInclude Include="optiga-trust-x\optiga\include\optiga\dtls\DtlsTransportLayer.h">
      <Filter>Header Files</Filter>
    </ClInclude>
    <ClInclude Include="optiga-trust-x\optiga\include\optiga\dtls\DtlsWindowing.h">
      <Filter>Header Files</Filter>
    </ClInclude>
    <ClInclude Include="optiga-trust-x\optiga\include\optiga\dtls\HardwareCrypto.h">
      <Filter>Header Files</Filter>
    </ClInclude>
    <ClInclude Include="optiga-trust-x\optiga\include\optiga\dtls\MessageLayer.h">
      <Filter>Header Files</Filter>
    </ClInclude>
    <ClInclude Include="optiga-trust-x\optiga\include\optiga\dtls\OcpCommon.h">
      <Filter>Header Files</Filter>
    </ClInclude>
    <ClInclude Include="optiga-trust-x\optiga\include\optiga\dtls\OcpCommonIncludes.h">
      <Filter>Header Files</Filter>
    </ClInclude>
    <ClInclude Include="optiga-trust-x\optiga\include\optiga\dtls\OcpCryptoLayer.h">
      <Filter>Header Files</Filter>
    </ClInclude>
    <ClInclude Include="optiga-trust-x\optiga\include\optiga\dtls\OcpRecordLayer.h">
      <Filter>Header Files</Filter>
    </ClInclude>
    <ClInclude Include="optiga-trust-x\optiga\include\optiga\dtls\OcpTransportLayer.h">
      <Filter>Header Files</Filter>
    </ClInclude>
    <ClInclude Include="optiga-trust-x\optiga\include\optiga\dtls\UDPErrorCodes.h">
      <Filter>Header Files</Filter>
    </ClInclude>
    <ClInclude Include="optiga-trust-x\optiga\include\optiga\ifx_i2c\ifx_i2c.h">
      <Filter>Header Files</Filter>
    </ClInclude>
    <ClInclude Include="optiga-trust-x\optiga\include\optiga\ifx_i2c\ifx_i2c_config.h">
      <Filter>Header Files</Filter>
    </ClInclude>
    <ClInclude Include="optiga-trust-x\optiga\include\optiga\ifx_i2c\ifx_i2c_data_link_layer.h">
      <Filter>Header Files</Filter>
    </ClInclude>
    <ClInclude Include="optiga-trust-x\optiga\include\optiga\ifx_i2c\ifx_i2c_physical_layer.h">
      <Filter>Header Files</Filter>
    </ClInclude>
    <ClInclude Include="optiga-trust-x\optiga\include\optiga\ifx_i2c\ifx_i2c_transport_layer.h">
      <Filter>Header Files</Filter>
    </ClInclude>
    <ClInclude Include="optiga-trust-x\optiga\include\optiga\pal\pal.h">
      <Filter>Header Files</Filter>
    </ClInclude>
    <ClInclude Include="optiga-trust-x\optiga\include\optiga\pal\pal_gpio.h">
      <Filter>Header Files</Filter>
    </ClInclude>
    <ClInclude Include="optiga-trust-x\optiga\include\optiga\pal\pal_i2c.h">
      <Filter>Header Files</Filter>
    </ClInclude>
    <ClInclude Include="optiga-trust-x\optiga\include\optiga\pal\pal_ifx_i2c_config.h">
      <Filter>Header Files</Filter>
    </ClInclude>
    <ClInclude Include="optiga-trust-x\optiga\include\optiga\pal\pal_os_event.h">
      <Filter>Header Files</Filter>
    </ClInclude>
    <ClInclude Include="optiga-trust-x\optiga\include\optiga\pal\pal_os_lock.h">
      <Filter>Header Files</Filter>
    </ClInclude>
    <ClInclude Include="optiga-trust-x\optiga\include\optiga\pal\pal_os_random.h">
      <Filter>Header Files</Filter>
    </ClInclude>
    <ClInclude Include="optiga-trust-x\optiga\include\optiga\pal\pal_os_timer.h">
      <Filter>Header Files</Filter>
    </ClInclude>
    <ClInclude Include="optiga-trust-x\optiga\include\optiga\pal\pal_socket.h">
      <Filter>Header Files</Filter>
    </ClInclude>
    <ClInclude Include="optiga-trust-x\pal\libusb\include\libusb.h">
      <Filter>Header Files</Filter>
    </ClInclude>
    <ClInclude Include="optiga-trust-x\pal\libusb\include\pal_common.h">
      <Filter>Header Files</Filter>
    </ClInclude>
    <ClInclude Include="optiga-trust-x\pal\libusb\include\pal_usb.h">
      <Filter>Header Files</Filter>
    </ClInclude>
    <ClInclude Include="optiga_trust_init.h">
      <Filter>Header Files</Filter>
    </ClInclude>
  </ItemGroup>
</Project>